// !$*UTF8*$!
{
	archiveVersion = 1;
	classes = {
	};
	objectVersion = 46;
	objects = {

/* Begin PBXBuildFile section */
		E99FE0C11CBE8784004761B3 /* AppDelegate.swift in Sources */ = {isa = PBXBuildFile; fileRef = E99FE0C01CBE8784004761B3 /* AppDelegate.swift */; };
		E99FE0C31CBE8784004761B3 /* ViewController.swift in Sources */ = {isa = PBXBuildFile; fileRef = E99FE0C21CBE8784004761B3 /* ViewController.swift */; };
		E99FE0C61CBE8784004761B3 /* Main.storyboard in Resources */ = {isa = PBXBuildFile; fileRef = E99FE0C41CBE8784004761B3 /* Main.storyboard */; settings = {ASSET_TAGS = (arms, ); }; };
		E99FE0C81CBE8784004761B3 /* Assets.xcassets in Resources */ = {isa = PBXBuildFile; fileRef = E99FE0C71CBE8784004761B3 /* Assets.xcassets */; };
		E99FE0CB1CBE8784004761B3 /* LaunchScreen.storyboard in Resources */ = {isa = PBXBuildFile; fileRef = E99FE0C91CBE8784004761B3 /* LaunchScreen.storyboard */; };
/* End PBXBuildFile section */

/* Begin PBXContainerItemProxy section */
		E99FE0D21CBE8784004761B3 /* PBXContainerItemProxy */ = {
			isa = PBXContainerItemProxy;
			containerPortal = E99FE0B51CBE8784004761B3 /* Project object */;
			proxyType = 1;
			remoteGlobalIDString = E99FE0BC1CBE8784004761B3;
			remoteInfo = "ThomasHamburger-pset0";
		};
		E99FE0DD1CBE8784004761B3 /* PBXContainerItemProxy */ = {
			isa = PBXContainerItemProxy;
			containerPortal = E99FE0B51CBE8784004761B3 /* Project object */;
			proxyType = 1;
			remoteGlobalIDString = E99FE0BC1CBE8784004761B3;
			remoteInfo = "ThomasHamburger-pset0";
		};
/* End PBXContainerItemProxy section */

/* Begin PBXFileReference section */
		E99FE0BD1CBE8784004761B3 /* ThomasHamburger-pset0.app */ = {isa = PBXFileReference; explicitFileType = wrapper.application; includeInIndex = 0; path = "ThomasHamburger-pset0.app"; sourceTree = BUILT_PRODUCTS_DIR; };
		E99FE0C01CBE8784004761B3 /* AppDelegate.swift */ = {isa = PBXFileReference; lastKnownFileType = sourcecode.swift; path = AppDelegate.swift; sourceTree = "<group>"; };
		E99FE0C21CBE8784004761B3 /* ViewController.swift */ = {isa = PBXFileReference; lastKnownFileType = sourcecode.swift; path = ViewController.swift; sourceTree = "<group>"; };
		E99FE0C51CBE8784004761B3 /* Base */ = {isa = PBXFileReference; lastKnownFileType = file.storyboard; name = Base; path = Base.lproj/Main.storyboard; sourceTree = "<group>"; };
		E99FE0C71CBE8784004761B3 /* Assets.xcassets */ = {isa = PBXFileReference; lastKnownFileType = folder.assetcatalog; path = Assets.xcassets; sourceTree = "<group>"; };
		E99FE0CA1CBE8784004761B3 /* Base */ = {isa = PBXFileReference; lastKnownFileType = file.storyboard; name = Base; path = Base.lproj/LaunchScreen.storyboard; sourceTree = "<group>"; };
		E99FE0CC1CBE8784004761B3 /* Info.plist */ = {isa = PBXFileReference; lastKnownFileType = text.plist.xml; path = Info.plist; sourceTree = "<group>"; };
		E99FE0D11CBE8784004761B3 /* ThomasHamburger-pset0Tests.xctest */ = {isa = PBXFileReference; explicitFileType = wrapper.cfbundle; includeInIndex = 0; path = "ThomasHamburger-pset0Tests.xctest"; sourceTree = BUILT_PRODUCTS_DIR; };
		E99FE0DC1CBE8784004761B3 /* ThomasHamburger-pset0UITests.xctest */ = {isa = PBXFileReference; explicitFileType = wrapper.cfbundle; includeInIndex = 0; path = "ThomasHamburger-pset0UITests.xctest"; sourceTree = BUILT_PRODUCTS_DIR; };
/* End PBXFileReference section */

/* Begin PBXFrameworksBuildPhase section */
		E99FE0BA1CBE8784004761B3 /* Frameworks */ = {
			isa = PBXFrameworksBuildPhase;
			buildActionMask = 2147483647;
			files = (
			);
			runOnlyForDeploymentPostprocessing = 0;
		};
		E99FE0CE1CBE8784004761B3 /* Frameworks */ = {
			isa = PBXFrameworksBuildPhase;
			buildActionMask = 2147483647;
			files = (
			);
			runOnlyForDeploymentPostprocessing = 0;
		};
		E99FE0D91CBE8784004761B3 /* Frameworks */ = {
			isa = PBXFrameworksBuildPhase;
			buildActionMask = 2147483647;
			files = (
			);
			runOnlyForDeploymentPostprocessing = 0;
		};
/* End PBXFrameworksBuildPhase section */

/* Begin PBXGroup section */
		E99FE0B41CBE8784004761B3 = {
			isa = PBXGroup;
			children = (
				E99FE0BF1CBE8784004761B3 /* ThomasHamburger-pset0 */,
				E99FE0BE1CBE8784004761B3 /* Products */,
			);
			sourceTree = "<group>";
		};
		E99FE0BE1CBE8784004761B3 /* Products */ = {
			isa = PBXGroup;
			children = (
				E99FE0BD1CBE8784004761B3 /* ThomasHamburger-pset0.app */,
				E99FE0D11CBE8784004761B3 /* ThomasHamburger-pset0Tests.xctest */,
				E99FE0DC1CBE8784004761B3 /* ThomasHamburger-pset0UITests.xctest */,
			);
			name = Products;
			sourceTree = "<group>";
		};
		E99FE0BF1CBE8784004761B3 /* ThomasHamburger-pset0 */ = {
			isa = PBXGroup;
			children = (
				E99FE0C01CBE8784004761B3 /* AppDelegate.swift */,
				E99FE0C21CBE8784004761B3 /* ViewController.swift */,
				E99FE0C41CBE8784004761B3 /* Main.storyboard */,
				E99FE0C71CBE8784004761B3 /* Assets.xcassets */,
				E99FE0C91CBE8784004761B3 /* LaunchScreen.storyboard */,
				E99FE0CC1CBE8784004761B3 /* Info.plist */,
			);
			path = "ThomasHamburger-pset0";
			sourceTree = "<group>";
		};
/* End PBXGroup section */

/* Begin PBXNativeTarget section */
		E99FE0BC1CBE8784004761B3 /* ThomasHamburger-pset0 */ = {
			isa = PBXNativeTarget;
			buildConfigurationList = E99FE0E51CBE8784004761B3 /* Build configuration list for PBXNativeTarget "ThomasHamburger-pset0" */;
			buildPhases = (
				E99FE0B91CBE8784004761B3 /* Sources */,
				E99FE0BA1CBE8784004761B3 /* Frameworks */,
				E99FE0BB1CBE8784004761B3 /* Resources */,
			);
			buildRules = (
			);
			dependencies = (
			);
			name = "ThomasHamburger-pset0";
			productName = "ThomasHamburger-pset0";
			productReference = E99FE0BD1CBE8784004761B3 /* ThomasHamburger-pset0.app */;
			productType = "com.apple.product-type.application";
		};
		E99FE0D01CBE8784004761B3 /* ThomasHamburger-pset0Tests */ = {
			isa = PBXNativeTarget;
			buildConfigurationList = E99FE0E81CBE8784004761B3 /* Build configuration list for PBXNativeTarget "ThomasHamburger-pset0Tests" */;
			buildPhases = (
				E99FE0CD1CBE8784004761B3 /* Sources */,
				E99FE0CE1CBE8784004761B3 /* Frameworks */,
				E99FE0CF1CBE8784004761B3 /* Resources */,
			);
			buildRules = (
			);
			dependencies = (
				E99FE0D31CBE8784004761B3 /* PBXTargetDependency */,
			);
			name = "ThomasHamburger-pset0Tests";
			productName = "ThomasHamburger-pset0Tests";
			productReference = E99FE0D11CBE8784004761B3 /* ThomasHamburger-pset0Tests.xctest */;
			productType = "com.apple.product-type.bundle.unit-test";
		};
		E99FE0DB1CBE8784004761B3 /* ThomasHamburger-pset0UITests */ = {
			isa = PBXNativeTarget;
			buildConfigurationList = E99FE0EB1CBE8784004761B3 /* Build configuration list for PBXNativeTarget "ThomasHamburger-pset0UITests" */;
			buildPhases = (
				E99FE0D81CBE8784004761B3 /* Sources */,
				E99FE0D91CBE8784004761B3 /* Frameworks */,
				E99FE0DA1CBE8784004761B3 /* Resources */,
			);
			buildRules = (
			);
			dependencies = (
				E99FE0DE1CBE8784004761B3 /* PBXTargetDependency */,
			);
			name = "ThomasHamburger-pset0UITests";
			productName = "ThomasHamburger-pset0UITests";
			productReference = E99FE0DC1CBE8784004761B3 /* ThomasHamburger-pset0UITests.xctest */;
			productType = "com.apple.product-type.bundle.ui-testing";
		};
/* End PBXNativeTarget section */

/* Begin PBXProject section */
		E99FE0B51CBE8784004761B3 /* Project object */ = {
			isa = PBXProject;
			attributes = {
				KnownAssetTags = (
					arms,
				);
				LastSwiftUpdateCheck = 0730;
				LastUpgradeCheck = 0730;
				ORGANIZATIONNAME = ThomasHamburger;
				TargetAttributes = {
					E99FE0BC1CBE8784004761B3 = {
						CreatedOnToolsVersion = 7.3;
						DevelopmentTeam = T2LS374DVV;
					};
					E99FE0D01CBE8784004761B3 = {
						CreatedOnToolsVersion = 7.3;
						DevelopmentTeam = T2LS374DVV;
						TestTargetID = E99FE0BC1CBE8784004761B3;
					};
					E99FE0DB1CBE8784004761B3 = {
						CreatedOnToolsVersion = 7.3;
						DevelopmentTeam = T2LS374DVV;
						TestTargetID = E99FE0BC1CBE8784004761B3;
					};
				};
			};
			buildConfigurationList = E99FE0B81CBE8784004761B3 /* Build configuration list for PBXProject "ThomasHamburger-pset0" */;
			compatibilityVersion = "Xcode 3.2";
			developmentRegion = English;
			hasScannedForEncodings = 0;
			knownRegions = (
				en,
				Base,
			);
			mainGroup = E99FE0B41CBE8784004761B3;
			productRefGroup = E99FE0BE1CBE8784004761B3 /* Products */;
			projectDirPath = "";
			projectRoot = "";
			targets = (
				E99FE0BC1CBE8784004761B3 /* ThomasHamburger-pset0 */,
				E99FE0D01CBE8784004761B3 /* ThomasHamburger-pset0Tests */,
				E99FE0DB1CBE8784004761B3 /* ThomasHamburger-pset0UITests */,
			);
		};
/* End PBXProject section */

/* Begin PBXResourcesBuildPhase section */
		E99FE0BB1CBE8784004761B3 /* Resources */ = {
			isa = PBXResourcesBuildPhase;
			buildActionMask = 2147483647;
			files = (
				E99FE0CB1CBE8784004761B3 /* LaunchScreen.storyboard in Resources */,
				E99FE0C81CBE8784004761B3 /* Assets.xcassets in Resources */,
				E99FE0C61CBE8784004761B3 /* Main.storyboard in Resources */,
			);
			runOnlyForDeploymentPostprocessing = 0;
		};
		E99FE0CF1CBE8784004761B3 /* Resources */ = {
			isa = PBXResourcesBuildPhase;
			buildActionMask = 2147483647;
			files = (
			);
			runOnlyForDeploymentPostprocessing = 0;
		};
		E99FE0DA1CBE8784004761B3 /* Resources */ = {
			isa = PBXResourcesBuildPhase;
			buildActionMask = 2147483647;
			files = (
			);
			runOnlyForDeploymentPostprocessing = 0;
		};
/* End PBXResourcesBuildPhase section */

/* Begin PBXSourcesBuildPhase section */
		E99FE0B91CBE8784004761B3 /* Sources */ = {
			isa = PBXSourcesBuildPhase;
			buildActionMask = 2147483647;
			files = (
				E99FE0C31CBE8784004761B3 /* ViewController.swift in Sources */,
				E99FE0C11CBE8784004761B3 /* AppDelegate.swift in Sources */,
			);
			runOnlyForDeploymentPostprocessing = 0;
		};
		E99FE0CD1CBE8784004761B3 /* Sources */ = {
			isa = PBXSourcesBuildPhase;
			buildActionMask = 2147483647;
			files = (
			);
			runOnlyForDeploymentPostprocessing = 0;
		};
		E99FE0D81CBE8784004761B3 /* Sources */ = {
			isa = PBXSourcesBuildPhase;
			buildActionMask = 2147483647;
			files = (
			);
			runOnlyForDeploymentPostprocessing = 0;
		};
/* End PBXSourcesBuildPhase section */

/* Begin PBXTargetDependency section */
		E99FE0D31CBE8784004761B3 /* PBXTargetDependency */ = {
			isa = PBXTargetDependency;
			target = E99FE0BC1CBE8784004761B3 /* ThomasHamburger-pset0 */;
			targetProxy = E99FE0D21CBE8784004761B3 /* PBXContainerItemProxy */;
		};
		E99FE0DE1CBE8784004761B3 /* PBXTargetDependency */ = {
			isa = PBXTargetDependency;
			target = E99FE0BC1CBE8784004761B3 /* ThomasHamburger-pset0 */;
			targetProxy = E99FE0DD1CBE8784004761B3 /* PBXContainerItemProxy */;
		};
/* End PBXTargetDependency section */

/* Begin PBXVariantGroup section */
		E99FE0C41CBE8784004761B3 /* Main.storyboard */ = {
			isa = PBXVariantGroup;
			children = (
				E99FE0C51CBE8784004761B3 /* Base */,
			);
			name = Main.storyboard;
			sourceTree = "<group>";
		};
		E99FE0C91CBE8784004761B3 /* LaunchScreen.storyboard */ = {
			isa = PBXVariantGroup;
			children = (
				E99FE0CA1CBE8784004761B3 /* Base */,
			);
			name = LaunchScreen.storyboard;
			sourceTree = "<group>";
		};
/* End PBXVariantGroup section */

/* Begin XCBuildConfiguration section */
		E99FE0E31CBE8784004761B3 /* Debug */ = {
			isa = XCBuildConfiguration;
			buildSettings = {
				ALWAYS_SEARCH_USER_PATHS = NO;
				CLANG_ANALYZER_NONNULL = YES;
				CLANG_CXX_LANGUAGE_STANDARD = "gnu++0x";
				CLANG_CXX_LIBRARY = "libc++";
				CLANG_ENABLE_MODULES = YES;
				CLANG_ENABLE_OBJC_ARC = YES;
				CLANG_WARN_BOOL_CONVERSION = YES;
				CLANG_WARN_CONSTANT_CONVERSION = YES;
				CLANG_WARN_DIRECT_OBJC_ISA_USAGE = YES_ERROR;
				CLANG_WARN_EMPTY_BODY = YES;
				CLANG_WARN_ENUM_CONVERSION = YES;
				CLANG_WARN_INT_CONVERSION = YES;
				CLANG_WARN_OBJC_ROOT_CLASS = YES_ERROR;
				CLANG_WARN_UNREACHABLE_CODE = YES;
				CLANG_WARN__DUPLICATE_METHOD_MATCH = YES;
				"CODE_SIGN_IDENTITY[sdk=iphoneos*]" = "iPhone Developer";
				COPY_PHASE_STRIP = NO;
				DEBUG_INFORMATION_FORMAT = dwarf;
				ENABLE_STRICT_OBJC_MSGSEND = YES;
				ENABLE_TESTABILITY = YES;
				GCC_C_LANGUAGE_STANDARD = gnu99;
				GCC_DYNAMIC_NO_PIC = NO;
				GCC_NO_COMMON_BLOCKS = YES;
				GCC_OPTIMIZATION_LEVEL = 0;
				GCC_PREPROCESSOR_DEFINITIONS = (
					"DEBUG=1",
					"$(inherited)",
				);
				GCC_WARN_64_TO_32_BIT_CONVERSION = YES;
				GCC_WARN_ABOUT_RETURN_TYPE = YES_ERROR;
				GCC_WARN_UNDECLARED_SELECTOR = YES;
				GCC_WARN_UNINITIALIZED_AUTOS = YES_AGGRESSIVE;
				GCC_WARN_UNUSED_FUNCTION = YES;
				GCC_WARN_UNUSED_VARIABLE = YES;
				IPHONEOS_DEPLOYMENT_TARGET = 9.3;
				MTL_ENABLE_DEBUG_INFO = YES;
				ONLY_ACTIVE_ARCH = YES;
				SDKROOT = iphoneos;
				SWIFT_OPTIMIZATION_LEVEL = "-Onone";
			};
			name = Debug;
		};
		E99FE0E41CBE8784004761B3 /* Release */ = {
			isa = XCBuildConfiguration;
			buildSettings = {
				ALWAYS_SEARCH_USER_PATHS = NO;
				CLANG_ANALYZER_NONNULL = YES;
				CLANG_CXX_LANGUAGE_STANDARD = "gnu++0x";
				CLANG_CXX_LIBRARY = "libc++";
				CLANG_ENABLE_MODULES = YES;
				CLANG_ENABLE_OBJC_ARC = YES;
				CLANG_WARN_BOOL_CONVERSION = YES;
				CLANG_WARN_CONSTANT_CONVERSION = YES;
				CLANG_WARN_DIRECT_OBJC_ISA_USAGE = YES_ERROR;
				CLANG_WARN_EMPTY_BODY = YES;
				CLANG_WARN_ENUM_CONVERSION = YES;
				CLANG_WARN_INT_CONVERSION = YES;
				CLANG_WARN_OBJC_ROOT_CLASS = YES_ERROR;
				CLANG_WARN_UNREACHABLE_CODE = YES;
				CLANG_WARN__DUPLICATE_METHOD_MATCH = YES;
				"CODE_SIGN_IDENTITY[sdk=iphoneos*]" = "iPhone Developer";
				COPY_PHASE_STRIP = NO;
				DEBUG_INFORMATION_FORMAT = "dwarf-with-dsym";
				ENABLE_NS_ASSERTIONS = NO;
				ENABLE_STRICT_OBJC_MSGSEND = YES;
				GCC_C_LANGUAGE_STANDARD = gnu99;
				GCC_NO_COMMON_BLOCKS = YES;
				GCC_WARN_64_TO_32_BIT_CONVERSION = YES;
				GCC_WARN_ABOUT_RETURN_TYPE = YES_ERROR;
				GCC_WARN_UNDECLARED_SELECTOR = YES;
				GCC_WARN_UNINITIALIZED_AUTOS = YES_AGGRESSIVE;
				GCC_WARN_UNUSED_FUNCTION = YES;
				GCC_WARN_UNUSED_VARIABLE = YES;
				IPHONEOS_DEPLOYMENT_TARGET = 9.3;
				MTL_ENABLE_DEBUG_INFO = NO;
				SDKROOT = iphoneos;
				VALIDATE_PRODUCT = YES;
			};
			name = Release;
		};
		E99FE0E61CBE8784004761B3 /* Debug */ = {
			isa = XCBuildConfiguration;
			buildSettings = {
				ASSETCATALOG_COMPILER_APPICON_NAME = AppIcon;
				INFOPLIST_FILE = "ThomasHamburger-pset0/Info.plist";
				LD_RUNPATH_SEARCH_PATHS = "$(inherited) @executable_path/Frameworks";
				PRODUCT_BUNDLE_IDENTIFIER = "nl.mprog.ThomasHamburger-pset0";
				PRODUCT_NAME = "$(TARGET_NAME)";
				TARGETED_DEVICE_FAMILY = 1;
			};
			name = Debug;
		};
		E99FE0E71CBE8784004761B3 /* Release */ = {
			isa = XCBuildConfiguration;
			buildSettings = {
				ASSETCATALOG_COMPILER_APPICON_NAME = AppIcon;
				INFOPLIST_FILE = "ThomasHamburger-pset0/Info.plist";
				LD_RUNPATH_SEARCH_PATHS = "$(inherited) @executable_path/Frameworks";
				PRODUCT_BUNDLE_IDENTIFIER = "nl.mprog.ThomasHamburger-pset0";
				PRODUCT_NAME = "$(TARGET_NAME)";
				TARGETED_DEVICE_FAMILY = 1;
			};
			name = Release;
		};
		E99FE0E91CBE8784004761B3 /* Debug */ = {
			isa = XCBuildConfiguration;
			buildSettings = {
				BUNDLE_LOADER = "$(TEST_HOST)";
				INFOPLIST_FILE = "ThomasHamburger-pset0Tests/Info.plist";
				LD_RUNPATH_SEARCH_PATHS = "$(inherited) @executable_path/Frameworks @loader_path/Frameworks";
				PRODUCT_BUNDLE_IDENTIFIER = "nl.mprog.ThomasHamburger-pset0Tests";
				PRODUCT_NAME = "$(TARGET_NAME)";
				TEST_HOST = "$(BUILT_PRODUCTS_DIR)/ThomasHamburger-pset0.app/ThomasHamburger-pset0";
			};
			name = Debug;
		};
		E99FE0EA1CBE8784004761B3 /* Release */ = {
			isa = XCBuildConfiguration;
			buildSettings = {
				BUNDLE_LOADER = "$(TEST_HOST)";
				INFOPLIST_FILE = "ThomasHamburger-pset0Tests/Info.plist";
				LD_RUNPATH_SEARCH_PATHS = "$(inherited) @executable_path/Frameworks @loader_path/Frameworks";
				PRODUCT_BUNDLE_IDENTIFIER = "nl.mprog.ThomasHamburger-pset0Tests";
				PRODUCT_NAME = "$(TARGET_NAME)";
				TEST_HOST = "$(BUILT_PRODUCTS_DIR)/ThomasHamburger-pset0.app/ThomasHamburger-pset0";
			};
			name = Release;
		};
		E99FE0EC1CBE8784004761B3 /* Debug */ = {
			isa = XCBuildConfiguration;
			buildSettings = {
				INFOPLIST_FILE = "ThomasHamburger-pset0UITests/Info.plist";
				LD_RUNPATH_SEARCH_PATHS = "$(inherited) @executable_path/Frameworks @loader_path/Frameworks";
				PRODUCT_BUNDLE_IDENTIFIER = "nl.mprog.ThomasHamburger-pset0UITests";
				PRODUCT_NAME = "$(TARGET_NAME)";
				TEST_TARGET_NAME = "ThomasHamburger-pset0";
			};
			name = Debug;
		};
		E99FE0ED1CBE8784004761B3 /* Release */ = {
			isa = XCBuildConfiguration;
			buildSettings = {
				INFOPLIST_FILE = "ThomasHamburger-pset0UITests/Info.plist";
				LD_RUNPATH_SEARCH_PATHS = "$(inherited) @executable_path/Frameworks @loader_path/Frameworks";
				PRODUCT_BUNDLE_IDENTIFIER = "nl.mprog.ThomasHamburger-pset0UITests";
				PRODUCT_NAME = "$(TARGET_NAME)";
				TEST_TARGET_NAME = "ThomasHamburger-pset0";
			};
			name = Release;
		};
/* End XCBuildConfiguration section */

/* Begin XCConfigurationList section */
		E99FE0B81CBE8784004761B3 /* Build configuration list for PBXProject "ThomasHamburger-pset0" */ = {
			isa = XCConfigurationList;
			buildConfigurations = (
				E99FE0E31CBE8784004761B3 /* Debug */,
				E99FE0E41CBE8784004761B3 /* Release */,
			);
			defaultConfigurationIsVisible = 0;
			defaultConfigurationName = Release;
		};
		E99FE0E51CBE8784004761B3 /* Build configuration list for PBXNativeTarget "ThomasHamburger-pset0" */ = {
			isa = XCConfigurationList;
			buildConfigurations = (
				E99FE0E61CBE8784004761B3 /* Debug */,
				E99FE0E71CBE8784004761B3 /* Release */,
			);
			defaultConfigurationIsVisible = 0;
			defaultConfigurationName = Release;
		};
		E99FE0E81CBE8784004761B3 /* Build configuration list for PBXNativeTarget "ThomasHamburger-pset0Tests" */ = {
			isa = XCConfigurationList;
			buildConfigurations = (
				E99FE0E91CBE8784004761B3 /* Debug */,
				E99FE0EA1CBE8784004761B3 /* Release */,
			);
			defaultConfigurationIsVisible = 0;
			defaultConfigurationName = Release;
		};
		E99FE0EB1CBE8784004761B3 /* Build configuration list for PBXNativeTarget "ThomasHamburger-pset0UITests" */ = {
			isa = XCConfigurationList;
			buildConfigurations = (
				E99FE0EC1CBE8784004761B3 /* Debug */,
				E99FE0ED1CBE8784004761B3 /* Release */,
			);
			defaultConfigurationIsVisible = 0;
			defaultConfigurationName = Release;
		};
/* End XCConfigurationList section */
	};
	rootObject = E99FE0B51CBE8784004761B3 /* Project object */;
}
